
Microsoft Visual Studio Solution File, Format Version 12.00
# Visual Studio Version 17
VisualStudioVersion = 17.5.002.0
MinimumVisualStudioVersion = 10.0.40219.1
Project("{9A19103F-16F7-4668-BE54-9A1E7A4F7556}") = "LibraryManagement", "LibraryManagement.csproj", "{D444B59E-0784-41CB-9E78-5977EAB07F32}"
EndProject
Global
	GlobalSection(SolutionConfigurationPlatforms) = preSolution
		Debug|Any CPU = Debug|Any CPU
		Release|Any CPU = Release|Any CPU
	EndGlobalSection
	GlobalSection(ProjectConfigurationPlatforms) = postSolution
		{D444B59E-0784-41CB-9E78-5977EAB07F32}.Debug|Any CPU.ActiveCfg = Debug|Any CPU
		{D444B59E-0784-41CB-9E78-5977EAB07F32}.Debug|Any CPU.Build.0 = Debug|Any CPU
		{D444B59E-0784-41CB-9E78-5977EAB07F32}.Release|Any CPU.ActiveCfg = Release|Any CPU
		{D444B59E-0784-41CB-9E78-5977EAB07F32}.Release|Any CPU.Build.0 = Release|Any CPU
	EndGlobalSection
	GlobalSection(SolutionProperties) = preSolution
		HideSolutionNode = FALSE
	EndGlobalSection
	GlobalSection(ExtensibilityGlobals) = postSolution
		SolutionGuid = {3AFD2AD2-41A0-4697-B267-EB50BFEFE39A}
	EndGlobalSection
EndGlobal
